
Microsoft Visual Studio Solution File, Format Version 12.00
# Visual Studio 15
VisualStudioVersion = 15.0.27703.2035
MinimumVisualStudioVersion = 10.0.40219.1
Project("{9A19103F-16F7-4668-BE54-9A1E7A4F7556}") = "WebStore", "Lesson2\WebStore.csproj", "{12409558-7AED-4D21-B492-673A129E11DD}"
EndProject
Project("{9A19103F-16F7-4668-BE54-9A1E7A4F7556}") = "WebStore.DomainModels", "WebStore.DomainModels\WebStore.DomainModels.csproj", "{E2EBD4F1-B8FF-43F3-B647-A599CD1A1CBB}"
EndProject
Project("{9A19103F-16F7-4668-BE54-9A1E7A4F7556}") = "WebStore.DAL", "WebStore.DAL\WebStore.DAL.csproj", "{6BFA0BA8-B1E5-49F7-93A6-AA84ADC3CC05}"
EndProject
Project("{2150E333-8FDC-42A3-9474-1A3956D46DE8}") = "Common", "Common", "{527AF6AF-3FDE-424E-9705-05A1B45A55D7}"
EndProject
Project("{2150E333-8FDC-42A3-9474-1A3956D46DE8}") = "Ui", "Ui", "{35B6D135-30EA-4B79-8A2D-706181546803}"
EndProject
Project("{2150E333-8FDC-42A3-9474-1A3956D46DE8}") = "Services", "Services", "{1480412E-3183-4CB6-B728-9C87EB386994}"
EndProject
Project("{9A19103F-16F7-4668-BE54-9A1E7A4F7556}") = "WebStore.ServicesHosting", "WebStore.ServicesHosting\WebStore.ServicesHosting.csproj", "{7E07B0BB-27B7-47E1-8429-9CB577AC604C}"
EndProject
Project("{9A19103F-16F7-4668-BE54-9A1E7A4F7556}") = "WebStore.Interfaces", "WebStore.Interfaces\WebStore.Interfaces.csproj", "{A12DE742-AD94-4294-BDB4-53B5912BCFF8}"
EndProject
Project("{9A19103F-16F7-4668-BE54-9A1E7A4F7556}") = "WebStore.Services", "WebStore.Services\WebStore.Services.csproj", "{B9C732BD-72FC-4568-A46E-850C6E5B8B8B}"
EndProject
Project("{9A19103F-16F7-4668-BE54-9A1E7A4F7556}") = "WebStore.Clients", "WebStore.Clients\WebStore.Clients.csproj", "{26FEA083-0805-4172-AF74-C989DEE90820}"
EndProject
Project("{FAE04EC0-301F-11D3-BF4B-00C04F79EFBC}") = "WebStore.Logger", "WebStore.Logger\WebStore.Logger.csproj", "{92C0CDBA-5A40-4407-85CA-82F8284CF607}"
EndProject
Global
	GlobalSection(SolutionConfigurationPlatforms) = preSolution
		Debug|Any CPU = Debug|Any CPU
		Release|Any CPU = Release|Any CPU
	EndGlobalSection
	GlobalSection(ProjectConfigurationPlatforms) = postSolution
		{12409558-7AED-4D21-B492-673A129E11DD}.Debug|Any CPU.ActiveCfg = Debug|Any CPU
		{12409558-7AED-4D21-B492-673A129E11DD}.Debug|Any CPU.Build.0 = Debug|Any CPU
		{12409558-7AED-4D21-B492-673A129E11DD}.Release|Any CPU.ActiveCfg = Release|Any CPU
		{12409558-7AED-4D21-B492-673A129E11DD}.Release|Any CPU.Build.0 = Release|Any CPU
		{E2EBD4F1-B8FF-43F3-B647-A599CD1A1CBB}.Debug|Any CPU.ActiveCfg = Debug|Any CPU
		{E2EBD4F1-B8FF-43F3-B647-A599CD1A1CBB}.Debug|Any CPU.Build.0 = Debug|Any CPU
		{E2EBD4F1-B8FF-43F3-B647-A599CD1A1CBB}.Release|Any CPU.ActiveCfg = Release|Any CPU
		{E2EBD4F1-B8FF-43F3-B647-A599CD1A1CBB}.Release|Any CPU.Build.0 = Release|Any CPU
		{6BFA0BA8-B1E5-49F7-93A6-AA84ADC3CC05}.Debug|Any CPU.ActiveCfg = Debug|Any CPU
		{6BFA0BA8-B1E5-49F7-93A6-AA84ADC3CC05}.Debug|Any CPU.Build.0 = Debug|Any CPU
		{6BFA0BA8-B1E5-49F7-93A6-AA84ADC3CC05}.Release|Any CPU.ActiveCfg = Release|Any CPU
		{6BFA0BA8-B1E5-49F7-93A6-AA84ADC3CC05}.Release|Any CPU.Build.0 = Release|Any CPU
		{7E07B0BB-27B7-47E1-8429-9CB577AC604C}.Debug|Any CPU.ActiveCfg = Debug|Any CPU
		{7E07B0BB-27B7-47E1-8429-9CB577AC604C}.Debug|Any CPU.Build.0 = Debug|Any CPU
		{7E07B0BB-27B7-47E1-8429-9CB577AC604C}.Release|Any CPU.ActiveCfg = Release|Any CPU
		{7E07B0BB-27B7-47E1-8429-9CB577AC604C}.Release|Any CPU.Build.0 = Release|Any CPU
		{A12DE742-AD94-4294-BDB4-53B5912BCFF8}.Debug|Any CPU.ActiveCfg = Debug|Any CPU
		{A12DE742-AD94-4294-BDB4-53B5912BCFF8}.Debug|Any CPU.Build.0 = Debug|Any CPU
		{A12DE742-AD94-4294-BDB4-53B5912BCFF8}.Release|Any CPU.ActiveCfg = Release|Any CPU
		{A12DE742-AD94-4294-BDB4-53B5912BCFF8}.Release|Any CPU.Build.0 = Release|Any CPU
		{B9C732BD-72FC-4568-A46E-850C6E5B8B8B}.Debug|Any CPU.ActiveCfg = Debug|Any CPU
		{B9C732BD-72FC-4568-A46E-850C6E5B8B8B}.Debug|Any CPU.Build.0 = Debug|Any CPU
		{B9C732BD-72FC-4568-A46E-850C6E5B8B8B}.Release|Any CPU.ActiveCfg = Release|Any CPU
		{B9C732BD-72FC-4568-A46E-850C6E5B8B8B}.Release|Any CPU.Build.0 = Release|Any CPU
		{26FEA083-0805-4172-AF74-C989DEE90820}.Debug|Any CPU.ActiveCfg = Debug|Any CPU
		{26FEA083-0805-4172-AF74-C989DEE90820}.Debug|Any CPU.Build.0 = Debug|Any CPU
		{26FEA083-0805-4172-AF74-C989DEE90820}.Release|Any CPU.ActiveCfg = Release|Any CPU
		{26FEA083-0805-4172-AF74-C989DEE90820}.Release|Any CPU.Build.0 = Release|Any CPU
		{92C0CDBA-5A40-4407-85CA-82F8284CF607}.Debug|Any CPU.ActiveCfg = Debug|Any CPU
		{92C0CDBA-5A40-4407-85CA-82F8284CF607}.Debug|Any CPU.Build.0 = Debug|Any CPU
		{92C0CDBA-5A40-4407-85CA-82F8284CF607}.Release|Any CPU.ActiveCfg = Release|Any CPU
		{92C0CDBA-5A40-4407-85CA-82F8284CF607}.Release|Any CPU.Build.0 = Release|Any CPU
	EndGlobalSection
	GlobalSection(SolutionProperties) = preSolution
		HideSolutionNode = FALSE
	EndGlobalSection
	GlobalSection(NestedProjects) = preSolution
		{12409558-7AED-4D21-B492-673A129E11DD} = {35B6D135-30EA-4B79-8A2D-706181546803}
		{E2EBD4F1-B8FF-43F3-B647-A599CD1A1CBB} = {527AF6AF-3FDE-424E-9705-05A1B45A55D7}
		{6BFA0BA8-B1E5-49F7-93A6-AA84ADC3CC05} = {1480412E-3183-4CB6-B728-9C87EB386994}
		{7E07B0BB-27B7-47E1-8429-9CB577AC604C} = {1480412E-3183-4CB6-B728-9C87EB386994}
		{A12DE742-AD94-4294-BDB4-53B5912BCFF8} = {1480412E-3183-4CB6-B728-9C87EB386994}
		{B9C732BD-72FC-4568-A46E-850C6E5B8B8B} = {1480412E-3183-4CB6-B728-9C87EB386994}
		{26FEA083-0805-4172-AF74-C989DEE90820} = {1480412E-3183-4CB6-B728-9C87EB386994}
		{92C0CDBA-5A40-4407-85CA-82F8284CF607} = {527AF6AF-3FDE-424E-9705-05A1B45A55D7}
	EndGlobalSection
	GlobalSection(ExtensibilityGlobals) = postSolution
		SolutionGuid = {3E2A2F7B-A19F-487D-9451-20C5483B43F6}
	EndGlobalSection
EndGlobal
